// !$*UTF8*$!
{
	archiveVersion = 1;
	classes = {
	};
	objectVersion = 56;
	objects = {

/* Begin PBXBuildFile section */
		543489022C64800300CD877D /* AppDelegate.swift in Sources */ = {isa = PBXBuildFile; fileRef = 543489012C64800300CD877D /* AppDelegate.swift */; };
		543489042C64800300CD877D /* SceneDelegate.swift in Sources */ = {isa = PBXBuildFile; fileRef = 543489032C64800300CD877D /* SceneDelegate.swift */; };
		543489092C64800300CD877D /* Base in Resources */ = {isa = PBXBuildFile; fileRef = 543489082C64800300CD877D /* Base */; };
		5434890B2C64800400CD877D /* Assets.xcassets in Resources */ = {isa = PBXBuildFile; fileRef = 5434890A2C64800400CD877D /* Assets.xcassets */; };
		5434890E2C64800400CD877D /* Base in Resources */ = {isa = PBXBuildFile; fileRef = 5434890D2C64800400CD877D /* Base */; };
		543489192C64847A00CD877D /* .gitignore in Resources */ = {isa = PBXBuildFile; fileRef = 543489182C64847A00CD877D /* .gitignore */; };
		5434891B2C64849900CD877D /* APIKey.swift in Sources */ = {isa = PBXBuildFile; fileRef = 5434891A2C64849900CD877D /* APIKey.swift */; };
		5434891E2C6484CC00CD877D /* TabBarController.swift in Sources */ = {isa = PBXBuildFile; fileRef = 5434891D2C6484CC00CD877D /* TabBarController.swift */; };
		543489202C6484EC00CD877D /* SearchViewController.swift in Sources */ = {isa = PBXBuildFile; fileRef = 5434891F2C6484EC00CD877D /* SearchViewController.swift */; };
		543489232C65D99900CD877D /* SearchTableViewCell.swift in Sources */ = {isa = PBXBuildFile; fileRef = 543489222C65D99900CD877D /* SearchTableViewCell.swift */; };
		5434892B2C65DA1500CD877D /* SnapKit in Frameworks */ = {isa = PBXBuildFile; productRef = 5434892A2C65DA1500CD877D /* SnapKit */; };
/* End PBXBuildFile section */

/* Begin PBXFileReference section */
		543488FE2C64800300CD877D /* iTunes.app */ = {isa = PBXFileReference; explicitFileType = wrapper.application; includeInIndex = 0; path = iTunes.app; sourceTree = BUILT_PRODUCTS_DIR; };
		543489012C64800300CD877D /* AppDelegate.swift */ = {isa = PBXFileReference; lastKnownFileType = sourcecode.swift; path = AppDelegate.swift; sourceTree = "<group>"; };
		543489032C64800300CD877D /* SceneDelegate.swift */ = {isa = PBXFileReference; lastKnownFileType = sourcecode.swift; path = SceneDelegate.swift; sourceTree = "<group>"; };
		543489082C64800300CD877D /* Base */ = {isa = PBXFileReference; lastKnownFileType = file.storyboard; name = Base; path = Base.lproj/Main.storyboard; sourceTree = "<group>"; };
		5434890A2C64800400CD877D /* Assets.xcassets */ = {isa = PBXFileReference; lastKnownFileType = folder.assetcatalog; path = Assets.xcassets; sourceTree = "<group>"; };
		5434890D2C64800400CD877D /* Base */ = {isa = PBXFileReference; lastKnownFileType = file.storyboard; name = Base; path = Base.lproj/LaunchScreen.storyboard; sourceTree = "<group>"; };
		5434890F2C64800400CD877D /* Info.plist */ = {isa = PBXFileReference; lastKnownFileType = text.plist.xml; path = Info.plist; sourceTree = "<group>"; };
		543489182C64847A00CD877D /* .gitignore */ = {isa = PBXFileReference; lastKnownFileType = text; path = .gitignore; sourceTree = "<group>"; };
		5434891A2C64849900CD877D /* APIKey.swift */ = {isa = PBXFileReference; lastKnownFileType = sourcecode.swift; path = APIKey.swift; sourceTree = "<group>"; };
		5434891D2C6484CC00CD877D /* TabBarController.swift */ = {isa = PBXFileReference; lastKnownFileType = sourcecode.swift; path = TabBarController.swift; sourceTree = "<group>"; };
		5434891F2C6484EC00CD877D /* SearchViewController.swift */ = {isa = PBXFileReference; lastKnownFileType = sourcecode.swift; path = SearchViewController.swift; sourceTree = "<group>"; };
		543489222C65D99900CD877D /* SearchTableViewCell.swift */ = {isa = PBXFileReference; lastKnownFileType = sourcecode.swift; path = SearchTableViewCell.swift; sourceTree = "<group>"; };
/* End PBXFileReference section */

/* Begin PBXFrameworksBuildPhase section */
		543488FB2C64800300CD877D /* Frameworks */ = {
			isa = PBXFrameworksBuildPhase;
			buildActionMask = 2147483647;
			files = (
				5434892B2C65DA1500CD877D /* SnapKit in Frameworks */,
			);
			runOnlyForDeploymentPostprocessing = 0;
		};
/* End PBXFrameworksBuildPhase section */

/* Begin PBXGroup section */
		543488F52C64800300CD877D = {
			isa = PBXGroup;
			children = (
				543489182C64847A00CD877D /* .gitignore */,
				543489002C64800300CD877D /* iTunes */,
				543488FF2C64800300CD877D /* Products */,
			);
			sourceTree = "<group>";
		};
		543488FF2C64800300CD877D /* Products */ = {
			isa = PBXGroup;
			children = (
				543488FE2C64800300CD877D /* iTunes.app */,
			);
			name = Products;
			sourceTree = "<group>";
		};
		543489002C64800300CD877D /* iTunes */ = {
			isa = PBXGroup;
			children = (
				5434891C2C6484AF00CD877D /* CustomView */,
				543489012C64800300CD877D /* AppDelegate.swift */,
				543489032C64800300CD877D /* SceneDelegate.swift */,
				543489212C65D98900CD877D /* SearchView */,
				543489072C64800300CD877D /* Main.storyboard */,
				5434890A2C64800400CD877D /* Assets.xcassets */,
				5434890C2C64800400CD877D /* LaunchScreen.storyboard */,
				5434890F2C64800400CD877D /* Info.plist */,
				5434891A2C64849900CD877D /* APIKey.swift */,
			);
			path = iTunes;
			sourceTree = "<group>";
		};
		5434891C2C6484AF00CD877D /* CustomView */ = {
			isa = PBXGroup;
			children = (
				5434891D2C6484CC00CD877D /* TabBarController.swift */,
			);
			path = CustomView;
			sourceTree = "<group>";
		};
		543489212C65D98900CD877D /* SearchView */ = {
			isa = PBXGroup;
			children = (
				5434891F2C6484EC00CD877D /* SearchViewController.swift */,
				543489222C65D99900CD877D /* SearchTableViewCell.swift */,
			);
			path = SearchView;
			sourceTree = "<group>";
		};
/* End PBXGroup section */

/* Begin PBXNativeTarget section */
		543488FD2C64800300CD877D /* iTunes */ = {
			isa = PBXNativeTarget;
			buildConfigurationList = 543489122C64800400CD877D /* Build configuration list for PBXNativeTarget "iTunes" */;
			buildPhases = (
				543488FA2C64800300CD877D /* Sources */,
				543488FB2C64800300CD877D /* Frameworks */,
				543488FC2C64800300CD877D /* Resources */,
			);
			buildRules = (
			);
			dependencies = (
			);
			name = iTunes;
			packageProductDependencies = (
				5434892A2C65DA1500CD877D /* SnapKit */,
			);
			productName = iTunes;
			productReference = 543488FE2C64800300CD877D /* iTunes.app */;
			productType = "com.apple.product-type.application";
		};
/* End PBXNativeTarget section */

/* Begin PBXProject section */
		543488F62C64800300CD877D /* Project object */ = {
			isa = PBXProject;
			attributes = {
				BuildIndependentTargetsInParallel = 1;
				LastSwiftUpdateCheck = 1530;
				LastUpgradeCheck = 1530;
				TargetAttributes = {
					543488FD2C64800300CD877D = {
						CreatedOnToolsVersion = 15.3;
					};
				};
			};
			buildConfigurationList = 543488F92C64800300CD877D /* Build configuration list for PBXProject "iTunes" */;
			compatibilityVersion = "Xcode 14.0";
			developmentRegion = en;
			hasScannedForEncodings = 0;
			knownRegions = (
				en,
				Base,
			);
			mainGroup = 543488F52C64800300CD877D;
			packageReferences = (
				543489292C65DA1500CD877D /* XCRemoteSwiftPackageReference "SnapKit" */,
			);
			productRefGroup = 543488FF2C64800300CD877D /* Products */;
			projectDirPath = "";
			projectRoot = "";
			targets = (
				543488FD2C64800300CD877D /* iTunes */,
			);
		};
/* End PBXProject section */

/* Begin PBXResourcesBuildPhase section */
		543488FC2C64800300CD877D /* Resources */ = {
			isa = PBXResourcesBuildPhase;
			buildActionMask = 2147483647;
			files = (
				543489192C64847A00CD877D /* .gitignore in Resources */,
				5434890B2C64800400CD877D /* Assets.xcassets in Resources */,
				5434890E2C64800400CD877D /* Base in Resources */,
				543489092C64800300CD877D /* Base in Resources */,
			);
			runOnlyForDeploymentPostprocessing = 0;
		};
/* End PBXResourcesBuildPhase section */

/* Begin PBXSourcesBuildPhase section */
		543488FA2C64800300CD877D /* Sources */ = {
			isa = PBXSourcesBuildPhase;
			buildActionMask = 2147483647;
			files = (
				543489202C6484EC00CD877D /* SearchViewController.swift in Sources */,
				543489022C64800300CD877D /* AppDelegate.swift in Sources */,
				5434891B2C64849900CD877D /* APIKey.swift in Sources */,
				543489232C65D99900CD877D /* SearchTableViewCell.swift in Sources */,
				5434891E2C6484CC00CD877D /* TabBarController.swift in Sources */,
				543489042C64800300CD877D /* SceneDelegate.swift in Sources */,
			);
			runOnlyForDeploymentPostprocessing = 0;
		};
/* End PBXSourcesBuildPhase section */

/* Begin PBXVariantGroup section */
		543489072C64800300CD877D /* Main.storyboard */ = {
			isa = PBXVariantGroup;
			children = (
				543489082C64800300CD877D /* Base */,
			);
			name = Main.storyboard;
			sourceTree = "<group>";
		};
		5434890C2C64800400CD877D /* LaunchScreen.storyboard */ = {
			isa = PBXVariantGroup;
			children = (
				5434890D2C64800400CD877D /* Base */,
			);
			name = LaunchScreen.storyboard;
			sourceTree = "<group>";
		};
/* End PBXVariantGroup section */

/* Begin XCBuildConfiguration section */
		543489102C64800400CD877D /* Debug */ = {
			isa = XCBuildConfiguration;
			buildSettings = {
				ALWAYS_SEARCH_USER_PATHS = NO;
				ASSETCATALOG_COMPILER_GENERATE_SWIFT_ASSET_SYMBOL_EXTENSIONS = YES;
				CLANG_ANALYZER_NONNULL = YES;
				CLANG_ANALYZER_NUMBER_OBJECT_CONVERSION = YES_AGGRESSIVE;
				CLANG_CXX_LANGUAGE_STANDARD = "gnu++20";
				CLANG_ENABLE_MODULES = YES;
				CLANG_ENABLE_OBJC_ARC = YES;
				CLANG_ENABLE_OBJC_WEAK = YES;
				CLANG_WARN_BLOCK_CAPTURE_AUTORELEASING = YES;
				CLANG_WARN_BOOL_CONVERSION = YES;
				CLANG_WARN_COMMA = YES;
				CLANG_WARN_CONSTANT_CONVERSION = YES;
				CLANG_WARN_DEPRECATED_OBJC_IMPLEMENTATIONS = YES;
				CLANG_WARN_DIRECT_OBJC_ISA_USAGE = YES_ERROR;
				CLANG_WARN_DOCUMENTATION_COMMENTS = YES;
				CLANG_WARN_EMPTY_BODY = YES;
				CLANG_WARN_ENUM_CONVERSION = YES;
				CLANG_WARN_INFINITE_RECURSION = YES;
				CLANG_WARN_INT_CONVERSION = YES;
				CLANG_WARN_NON_LITERAL_NULL_CONVERSION = YES;
				CLANG_WARN_OBJC_IMPLICIT_RETAIN_SELF = YES;
				CLANG_WARN_OBJC_LITERAL_CONVERSION = YES;
				CLANG_WARN_OBJC_ROOT_CLASS = YES_ERROR;
				CLANG_WARN_QUOTED_INCLUDE_IN_FRAMEWORK_HEADER = YES;
				CLANG_WARN_RANGE_LOOP_ANALYSIS = YES;
				CLANG_WARN_STRICT_PROTOTYPES = YES;
				CLANG_WARN_SUSPICIOUS_MOVE = YES;
				CLANG_WARN_UNGUARDED_AVAILABILITY = YES_AGGRESSIVE;
				CLANG_WARN_UNREACHABLE_CODE = YES;
				CLANG_WARN__DUPLICATE_METHOD_MATCH = YES;
				COPY_PHASE_STRIP = NO;
				DEBUG_INFORMATION_FORMAT = dwarf;
				ENABLE_STRICT_OBJC_MSGSEND = YES;
				ENABLE_TESTABILITY = YES;
				ENABLE_USER_SCRIPT_SANDBOXING = YES;
				GCC_C_LANGUAGE_STANDARD = gnu17;
				GCC_DYNAMIC_NO_PIC = NO;
				GCC_NO_COMMON_BLOCKS = YES;
				GCC_OPTIMIZATION_LEVEL = 0;
				GCC_PREPROCESSOR_DEFINITIONS = (
					"DEBUG=1",
					"$(inherited)",
				);
				GCC_WARN_64_TO_32_BIT_CONVERSION = YES;
				GCC_WARN_ABOUT_RETURN_TYPE = YES_ERROR;
				GCC_WARN_UNDECLARED_SELECTOR = YES;
				GCC_WARN_UNINITIALIZED_AUTOS = YES_AGGRESSIVE;
				GCC_WARN_UNUSED_FUNCTION = YES;
				GCC_WARN_UNUSED_VARIABLE = YES;
				IPHONEOS_DEPLOYMENT_TARGET = 17.0;
				LOCALIZATION_PREFERS_STRING_CATALOGS = YES;
				MTL_ENABLE_DEBUG_INFO = INCLUDE_SOURCE;
				MTL_FAST_MATH = YES;
				ONLY_ACTIVE_ARCH = YES;
				SDKROOT = iphoneos;
				SWIFT_ACTIVE_COMPILATION_CONDITIONS = "DEBUG $(inherited)";
				SWIFT_OPTIMIZATION_LEVEL = "-Onone";
			};
			name = Debug;
		};
		543489112C64800400CD877D /* Release */ = {
			isa = XCBuildConfiguration;
			buildSettings = {
				ALWAYS_SEARCH_USER_PATHS = NO;
				ASSETCATALOG_COMPILER_GENERATE_SWIFT_ASSET_SYMBOL_EXTENSIONS = YES;
				CLANG_ANALYZER_NONNULL = YES;
				CLANG_ANALYZER_NUMBER_OBJECT_CONVERSION = YES_AGGRESSIVE;
				CLANG_CXX_LANGUAGE_STANDARD = "gnu++20";
				CLANG_ENABLE_MODULES = YES;
				CLANG_ENABLE_OBJC_ARC = YES;
				CLANG_ENABLE_OBJC_WEAK = YES;
				CLANG_WARN_BLOCK_CAPTURE_AUTORELEASING = YES;
				CLANG_WARN_BOOL_CONVERSION = YES;
				CLANG_WARN_COMMA = YES;
				CLANG_WARN_CONSTANT_CONVERSION = YES;
				CLANG_WARN_DEPRECATED_OBJC_IMPLEMENTATIONS = YES;
				CLANG_WARN_DIRECT_OBJC_ISA_USAGE = YES_ERROR;
				CLANG_WARN_DOCUMENTATION_COMMENTS = YES;
				CLANG_WARN_EMPTY_BODY = YES;
				CLANG_WARN_ENUM_CONVERSION = YES;
				CLANG_WARN_INFINITE_RECURSION = YES;
				CLANG_WARN_INT_CONVERSION = YES;
				CLANG_WARN_NON_LITERAL_NULL_CONVERSION = YES;
				CLANG_WARN_OBJC_IMPLICIT_RETAIN_SELF = YES;
				CLANG_WARN_OBJC_LITERAL_CONVERSION = YES;
				CLANG_WARN_OBJC_ROOT_CLASS = YES_ERROR;
				CLANG_WARN_QUOTED_INCLUDE_IN_FRAMEWORK_HEADER = YES;
				CLANG_WARN_RANGE_LOOP_ANALYSIS = YES;
				CLANG_WARN_STRICT_PROTOTYPES = YES;
				CLANG_WARN_SUSPICIOUS_MOVE = YES;
				CLANG_WARN_UNGUARDED_AVAILABILITY = YES_AGGRESSIVE;
				CLANG_WARN_UNREACHABLE_CODE = YES;
				CLANG_WARN__DUPLICATE_METHOD_MATCH = YES;
				COPY_PHASE_STRIP = NO;
				DEBUG_INFORMATION_FORMAT = "dwarf-with-dsym";
				ENABLE_NS_ASSERTIONS = NO;
				ENABLE_STRICT_OBJC_MSGSEND = YES;
				ENABLE_USER_SCRIPT_SANDBOXING = YES;
				GCC_C_LANGUAGE_STANDARD = gnu17;
				GCC_NO_COMMON_BLOCKS = YES;
				GCC_WARN_64_TO_32_BIT_CONVERSION = YES;
				GCC_WARN_ABOUT_RETURN_TYPE = YES_ERROR;
				GCC_WARN_UNDECLARED_SELECTOR = YES;
				GCC_WARN_UNINITIALIZED_AUTOS = YES_AGGRESSIVE;
				GCC_WARN_UNUSED_FUNCTION = YES;
				GCC_WARN_UNUSED_VARIABLE = YES;
				IPHONEOS_DEPLOYMENT_TARGET = 17.0;
				LOCALIZATION_PREFERS_STRING_CATALOGS = YES;
				MTL_ENABLE_DEBUG_INFO = NO;
				MTL_FAST_MATH = YES;
				SDKROOT = iphoneos;
				SWIFT_COMPILATION_MODE = wholemodule;
				VALIDATE_PRODUCT = YES;
			};
			name = Release;
		};
		543489132C64800400CD877D /* Debug */ = {
			isa = XCBuildConfiguration;
			buildSettings = {
				ASSETCATALOG_COMPILER_APPICON_NAME = AppIcon;
				ASSETCATALOG_COMPILER_GLOBAL_ACCENT_COLOR_NAME = AccentColor;
				CODE_SIGN_STYLE = Automatic;
				CURRENT_PROJECT_VERSION = 1;
				DEVELOPMENT_TEAM = 82M3Y9RKT2;
				GENERATE_INFOPLIST_FILE = YES;
				INFOPLIST_FILE = iTunes/Info.plist;
				INFOPLIST_KEY_UIApplicationSupportsIndirectInputEvents = YES;
				INFOPLIST_KEY_UILaunchStoryboardName = LaunchScreen;
				INFOPLIST_KEY_UISupportedInterfaceOrientations = UIInterfaceOrientationPortrait;
				INFOPLIST_KEY_UISupportedInterfaceOrientations_iPad = UIInterfaceOrientationPortrait;
				IPHONEOS_DEPLOYMENT_TARGET = 17.0;
				LD_RUNPATH_SEARCH_PATHS = (
					"$(inherited)",
					"@executable_path/Frameworks",
				);
				MARKETING_VERSION = 1.0;
				PRODUCT_BUNDLE_IDENTIFIER = com.lcho3878.iTunes;
				PRODUCT_NAME = "$(TARGET_NAME)";
				SUPPORTED_PLATFORMS = "iphoneos iphonesimulator";
				SUPPORTS_MACCATALYST = NO;
				SUPPORTS_MAC_DESIGNED_FOR_IPHONE_IPAD = NO;
				SUPPORTS_XR_DESIGNED_FOR_IPHONE_IPAD = NO;
				SWIFT_EMIT_LOC_STRINGS = YES;
				SWIFT_VERSION = 5.0;
				TARGETED_DEVICE_FAMILY = 1;
			};
			name = Debug;
		};
		543489142C64800400CD877D /* Release */ = {
			isa = XCBuildConfiguration;
			buildSettings = {
				ASSETCATALOG_COMPILER_APPICON_NAME = AppIcon;
				ASSETCATALOG_COMPILER_GLOBAL_ACCENT_COLOR_NAME = AccentColor;
				CODE_SIGN_STYLE = Automatic;
				CURRENT_PROJECT_VERSION = 1;
				DEVELOPMENT_TEAM = 82M3Y9RKT2;
				GENERATE_INFOPLIST_FILE = YES;
				INFOPLIST_FILE = iTunes/Info.plist;
				INFOPLIST_KEY_UIApplicationSupportsIndirectInputEvents = YES;
				INFOPLIST_KEY_UILaunchStoryboardName = LaunchScreen;
				INFOPLIST_KEY_UISupportedInterfaceOrientations = UIInterfaceOrientationPortrait;
				INFOPLIST_KEY_UISupportedInterfaceOrientations_iPad = UIInterfaceOrientationPortrait;
				IPHONEOS_DEPLOYMENT_TARGET = 17.0;
				LD_RUNPATH_SEARCH_PATHS = (
					"$(inherited)",
					"@executable_path/Frameworks",
				);
				MARKETING_VERSION = 1.0;
				PRODUCT_BUNDLE_IDENTIFIER = com.lcho3878.iTunes;
				PRODUCT_NAME = "$(TARGET_NAME)";
				SUPPORTED_PLATFORMS = "iphoneos iphonesimulator";
				SUPPORTS_MACCATALYST = NO;
				SUPPORTS_MAC_DESIGNED_FOR_IPHONE_IPAD = NO;
				SUPPORTS_XR_DESIGNED_FOR_IPHONE_IPAD = NO;
				SWIFT_EMIT_LOC_STRINGS = YES;
				SWIFT_VERSION = 5.0;
				TARGETED_DEVICE_FAMILY = 1;
			};
			name = Release;
		};
/* End XCBuildConfiguration section */

/* Begin XCConfigurationList section */
		543488F92C64800300CD877D /* Build configuration list for PBXProject "iTunes" */ = {
			isa = XCConfigurationList;
			buildConfigurations = (
				543489102C64800400CD877D /* Debug */,
				543489112C64800400CD877D /* Release */,
			);
			defaultConfigurationIsVisible = 0;
			defaultConfigurationName = Release;
		};
		543489122C64800400CD877D /* Build configuration list for PBXNativeTarget "iTunes" */ = {
			isa = XCConfigurationList;
			buildConfigurations = (
				543489132C64800400CD877D /* Debug */,
				543489142C64800400CD877D /* Release */,
			);
			defaultConfigurationIsVisible = 0;
			defaultConfigurationName = Release;
		};
/* End XCConfigurationList section */

/* Begin XCRemoteSwiftPackageReference section */
		543489292C65DA1500CD877D /* XCRemoteSwiftPackageReference "SnapKit" */ = {
			isa = XCRemoteSwiftPackageReference;
			repositoryURL = "https://github.com/SnapKit/SnapKit";
			requirement = {
				kind = upToNextMajorVersion;
				minimumVersion = 5.7.1;
			};
		};
/* End XCRemoteSwiftPackageReference section */

/* Begin XCSwiftPackageProductDependency section */
		5434892A2C65DA1500CD877D /* SnapKit */ = {
			isa = XCSwiftPackageProductDependency;
			package = 543489292C65DA1500CD877D /* XCRemoteSwiftPackageReference "SnapKit" */;
			productName = SnapKit;
		};
/* End XCSwiftPackageProductDependency section */
	};
	rootObject = 543488F62C64800300CD877D /* Project object */;
}
